
Microsoft Visual Studio Solution File, Format Version 12.00
# Visual Studio Version 17
VisualStudioVersion = 17.7.34221.43
MinimumVisualStudioVersion = 10.0.40219.1
Project("{9A19103F-16F7-4668-BE54-9A1E7A4F7556}") = "MonitoringEquipment", "Monitoring\MonitoringEquipment.csproj", "{424EB1A9-1737-4147-BA93-1CCAE73C74F9}"
EndProject
Global
	GlobalSection(SolutionConfigurationPlatforms) = preSolution
		Debug|Any CPU = Debug|Any CPU
		Release|Any CPU = Release|Any CPU
	EndGlobalSection
	GlobalSection(ProjectConfigurationPlatforms) = postSolution
		{424EB1A9-1737-4147-BA93-1CCAE73C74F9}.Debug|Any CPU.ActiveCfg = Debug|Any CPU
		{424EB1A9-1737-4147-BA93-1CCAE73C74F9}.Debug|Any CPU.Build.0 = Debug|Any CPU
		{424EB1A9-1737-4147-BA93-1CCAE73C74F9}.Release|Any CPU.ActiveCfg = Release|Any CPU
		{424EB1A9-1737-4147-BA93-1CCAE73C74F9}.Release|Any CPU.Build.0 = Release|Any CPU
	EndGlobalSection
	GlobalSection(SolutionProperties) = preSolution
		HideSolutionNode = FALSE
	EndGlobalSection
	GlobalSection(ExtensibilityGlobals) = postSolution
		SolutionGuid = {B79735D9-4FDF-466E-9FDD-F50A8402DB29}
	EndGlobalSection
EndGlobal
